
Microsoft Visual Studio Solution File, Format Version 12.00
# Visual Studio Version 17
VisualStudioVersion = 17.0.31903.59
MinimumVisualStudioVersion = 10.0.40219.1
Project("{2150E333-8FDC-42A3-9474-1A3956D46DE8}") = "src", "src", "{6ED356A7-8B47-4613-AD01-C85CF28491BD}"
EndProject
Project("{2150E333-8FDC-42A3-9474-1A3956D46DE8}") = "tests", "tests", "{664D406C-2F83-48F0-BFC3-408D5CB53C65}"
EndProject
Project("{E53339B2-1760-4266-BCC7-CA923CBCF16C}") = "docker-compose", "docker-compose.dcproj", "{6BD2EC46-FA8F-44F3-AF33-903BBB347116}"
EndProject
Project("{FAE04EC0-301F-11D3-BF4B-00C04F79EFBC}") = "Domain", "src\Domain\Domain.csproj", "{178447EB-ED56-4EF3-9D82-98F51E38946C}"
EndProject
Project("{FAE04EC0-301F-11D3-BF4B-00C04F79EFBC}") = "Application", "src\Application\Application.csproj", "{122D2085-0C58-4CAC-9718-6491E770ABAA}"
EndProject
Project("{FAE04EC0-301F-11D3-BF4B-00C04F79EFBC}") = "Infrastructure", "src\Infrastructure\Infrastructure.csproj", "{F846FE11-9CE2-4415-8C49-A7A3419DAFB7}"
EndProject
Project("{FAE04EC0-301F-11D3-BF4B-00C04F79EFBC}") = "WebUI", "src\WebUI\WebUI.csproj", "{E2948DDB-B2AC-4F65-80A2-1B8643CEAB63}"
EndProject
Project("{FAE04EC0-301F-11D3-BF4B-00C04F79EFBC}") = "Domain.UnitTests", "tests\Domain.UnitTests\Domain.UnitTests.csproj", "{4D3A7F7F-D3E0-430F-8D08-322814CE86C7}"
EndProject
Global
	GlobalSection(SolutionConfigurationPlatforms) = preSolution
		Debug|Any CPU = Debug|Any CPU
		Release|Any CPU = Release|Any CPU
	EndGlobalSection
	GlobalSection(ProjectConfigurationPlatforms) = postSolution
		{6BD2EC46-FA8F-44F3-AF33-903BBB347116}.Debug|Any CPU.ActiveCfg = Debug|Any CPU
		{6BD2EC46-FA8F-44F3-AF33-903BBB347116}.Debug|Any CPU.Build.0 = Debug|Any CPU
		{6BD2EC46-FA8F-44F3-AF33-903BBB347116}.Release|Any CPU.ActiveCfg = Release|Any CPU
		{6BD2EC46-FA8F-44F3-AF33-903BBB347116}.Release|Any CPU.Build.0 = Release|Any CPU
		{178447EB-ED56-4EF3-9D82-98F51E38946C}.Debug|Any CPU.ActiveCfg = Debug|Any CPU
		{178447EB-ED56-4EF3-9D82-98F51E38946C}.Debug|Any CPU.Build.0 = Debug|Any CPU
		{178447EB-ED56-4EF3-9D82-98F51E38946C}.Release|Any CPU.ActiveCfg = Release|Any CPU
		{178447EB-ED56-4EF3-9D82-98F51E38946C}.Release|Any CPU.Build.0 = Release|Any CPU
		{122D2085-0C58-4CAC-9718-6491E770ABAA}.Debug|Any CPU.ActiveCfg = Debug|Any CPU
		{122D2085-0C58-4CAC-9718-6491E770ABAA}.Debug|Any CPU.Build.0 = Debug|Any CPU
		{122D2085-0C58-4CAC-9718-6491E770ABAA}.Release|Any CPU.ActiveCfg = Release|Any CPU
		{122D2085-0C58-4CAC-9718-6491E770ABAA}.Release|Any CPU.Build.0 = Release|Any CPU
		{F846FE11-9CE2-4415-8C49-A7A3419DAFB7}.Debug|Any CPU.ActiveCfg = Debug|Any CPU
		{F846FE11-9CE2-4415-8C49-A7A3419DAFB7}.Debug|Any CPU.Build.0 = Debug|Any CPU
		{F846FE11-9CE2-4415-8C49-A7A3419DAFB7}.Release|Any CPU.ActiveCfg = Release|Any CPU
		{F846FE11-9CE2-4415-8C49-A7A3419DAFB7}.Release|Any CPU.Build.0 = Release|Any CPU
		{E2948DDB-B2AC-4F65-80A2-1B8643CEAB63}.Debug|Any CPU.ActiveCfg = Debug|Any CPU
		{E2948DDB-B2AC-4F65-80A2-1B8643CEAB63}.Debug|Any CPU.Build.0 = Debug|Any CPU
		{E2948DDB-B2AC-4F65-80A2-1B8643CEAB63}.Release|Any CPU.ActiveCfg = Release|Any CPU
		{E2948DDB-B2AC-4F65-80A2-1B8643CEAB63}.Release|Any CPU.Build.0 = Release|Any CPU
		{4D3A7F7F-D3E0-430F-8D08-322814CE86C7}.Debug|Any CPU.ActiveCfg = Debug|Any CPU
		{4D3A7F7F-D3E0-430F-8D08-322814CE86C7}.Debug|Any CPU.Build.0 = Debug|Any CPU
		{4D3A7F7F-D3E0-430F-8D08-322814CE86C7}.Release|Any CPU.ActiveCfg = Release|Any CPU
		{4D3A7F7F-D3E0-430F-8D08-322814CE86C7}.Release|Any CPU.Build.0 = Release|Any CPU
	EndGlobalSection
	GlobalSection(SolutionProperties) = preSolution
		HideSolutionNode = FALSE
	EndGlobalSection
	GlobalSection(NestedProjects) = preSolution
		{178447EB-ED56-4EF3-9D82-98F51E38946C} = {6ED356A7-8B47-4613-AD01-C85CF28491BD}
		{122D2085-0C58-4CAC-9718-6491E770ABAA} = {6ED356A7-8B47-4613-AD01-C85CF28491BD}
		{F846FE11-9CE2-4415-8C49-A7A3419DAFB7} = {6ED356A7-8B47-4613-AD01-C85CF28491BD}
		{E2948DDB-B2AC-4F65-80A2-1B8643CEAB63} = {6ED356A7-8B47-4613-AD01-C85CF28491BD}
		{4D3A7F7F-D3E0-430F-8D08-322814CE86C7} = {664D406C-2F83-48F0-BFC3-408D5CB53C65}
	EndGlobalSection
	GlobalSection(ExtensibilityGlobals) = postSolution
		SolutionGuid = {3CB609D9-5D54-4C11-A371-DAAC8B74E430}
	EndGlobalSection
EndGlobal
